
Microsoft Visual Studio Solution File, Format Version 12.00
# Visual Studio Version 16
VisualStudioVersion = 16.0.29926.136
MinimumVisualStudioVersion = 10.0.40219.1
Project("{FAE04EC0-301F-11D3-BF4B-00C04F79EFBC}") = "Transport", "Transport\Transport.csproj", "{3502A124-F2BA-482F-B48A-F2B4604CAB3A}"
EndProject
Global
	GlobalSection(SolutionConfigurationPlatforms) = preSolution
		Debug|Any CPU = Debug|Any CPU
		Release|Any CPU = Release|Any CPU
	EndGlobalSection
	GlobalSection(ProjectConfigurationPlatforms) = postSolution
		{3502A124-F2BA-482F-B48A-F2B4604CAB3A}.Debug|Any CPU.ActiveCfg = Debug|Any CPU
		{3502A124-F2BA-482F-B48A-F2B4604CAB3A}.Debug|Any CPU.Build.0 = Debug|Any CPU
		{3502A124-F2BA-482F-B48A-F2B4604CAB3A}.Release|Any CPU.ActiveCfg = Release|Any CPU
		{3502A124-F2BA-482F-B48A-F2B4604CAB3A}.Release|Any CPU.Build.0 = Release|Any CPU
	EndGlobalSection
	GlobalSection(SolutionProperties) = preSolution
		HideSolutionNode = FALSE
	EndGlobalSection
	GlobalSection(ExtensibilityGlobals) = postSolution
		SolutionGuid = {15FB6A4C-6F18-4C8C-8A1B-2933B138B672}
	EndGlobalSection
EndGlobal
